
Microsoft Visual Studio Solution File, Format Version 9.00
# Visual Studio 2005
Project("{54435603-DBB4-11D2-8724-00A0C9A8B90C}") = "CISVBAddin", "CISVBAddin.vdproj", "{71338FE4-C7BF-423A-A652-5E6B47AB7B0B}"
EndProject
Global
	GlobalSection(SolutionConfigurationPlatforms) = preSolution
		Debug|Default = Debug|Default
		Release|Default = Release|Default
	EndGlobalSection
	GlobalSection(ProjectConfigurationPlatforms) = postSolution
		{71338FE4-C7BF-423A-A652-5E6B47AB7B0B}.Debug|Default.ActiveCfg = Debug
		{71338FE4-C7BF-423A-A652-5E6B47AB7B0B}.Debug|Default.Build.0 = Debug
		{71338FE4-C7BF-423A-A652-5E6B47AB7B0B}.Release|Default.ActiveCfg = Release
		{71338FE4-C7BF-423A-A652-5E6B47AB7B0B}.Release|Default.Build.0 = Release
	EndGlobalSection
	GlobalSection(SolutionProperties) = preSolution
		HideSolutionNode = FALSE
	EndGlobalSection
EndGlobal
